
Microsoft Visual Studio Solution File, Format Version 12.00
# Visual Studio Version 17
VisualStudioVersion = 17.5.002.0
MinimumVisualStudioVersion = 10.0.40219.1
Project("{9A19103F-16F7-4668-BE54-9A1E7A4F7556}") = "Day10", "Day10.csproj", "{ED15C140-292A-4EF9-9024-BC5F2D9043DD}"
EndProject
Global
	GlobalSection(SolutionConfigurationPlatforms) = preSolution
		Debug|Any CPU = Debug|Any CPU
		Release|Any CPU = Release|Any CPU
	EndGlobalSection
	GlobalSection(ProjectConfigurationPlatforms) = postSolution
		{ED15C140-292A-4EF9-9024-BC5F2D9043DD}.Debug|Any CPU.ActiveCfg = Debug|Any CPU
		{ED15C140-292A-4EF9-9024-BC5F2D9043DD}.Debug|Any CPU.Build.0 = Debug|Any CPU
		{ED15C140-292A-4EF9-9024-BC5F2D9043DD}.Release|Any CPU.ActiveCfg = Release|Any CPU
		{ED15C140-292A-4EF9-9024-BC5F2D9043DD}.Release|Any CPU.Build.0 = Release|Any CPU
	EndGlobalSection
	GlobalSection(SolutionProperties) = preSolution
		HideSolutionNode = FALSE
	EndGlobalSection
	GlobalSection(ExtensibilityGlobals) = postSolution
		SolutionGuid = {F6FBAEEA-61C2-4489-84BB-4B230F794208}
	EndGlobalSection
EndGlobal
