
Microsoft Visual Studio Solution File, Format Version 12.00
# Visual Studio Version 17
VisualStudioVersion = 17.5.002.0
MinimumVisualStudioVersion = 10.0.40219.1
Project("{9A19103F-16F7-4668-BE54-9A1E7A4F7556}") = "Day5", "Day5.csproj", "{DDCD3EBC-B808-4F03-950D-CDBA64DD162F}"
EndProject
Global
	GlobalSection(SolutionConfigurationPlatforms) = preSolution
		Debug|Any CPU = Debug|Any CPU
		Release|Any CPU = Release|Any CPU
	EndGlobalSection
	GlobalSection(ProjectConfigurationPlatforms) = postSolution
		{DDCD3EBC-B808-4F03-950D-CDBA64DD162F}.Debug|Any CPU.ActiveCfg = Debug|Any CPU
		{DDCD3EBC-B808-4F03-950D-CDBA64DD162F}.Debug|Any CPU.Build.0 = Debug|Any CPU
		{DDCD3EBC-B808-4F03-950D-CDBA64DD162F}.Release|Any CPU.ActiveCfg = Release|Any CPU
		{DDCD3EBC-B808-4F03-950D-CDBA64DD162F}.Release|Any CPU.Build.0 = Release|Any CPU
	EndGlobalSection
	GlobalSection(SolutionProperties) = preSolution
		HideSolutionNode = FALSE
	EndGlobalSection
	GlobalSection(ExtensibilityGlobals) = postSolution
		SolutionGuid = {C7138E19-AAE5-4279-80C6-5D34C4E4DDB4}
	EndGlobalSection
EndGlobal
